
Microsoft Visual Studio Solution File, Format Version 12.00
# Visual Studio Version 17
VisualStudioVersion = 17.14.36811.4
MinimumVisualStudioVersion = 10.0.40219.1
Project("{2150E333-8FDC-42A3-9474-1A3956D46DE8}") = "src", "src", "{02EA681E-C7D8-13C7-8484-4AC65E1B71E8}"
EndProject
Project("{2150E333-8FDC-42A3-9474-1A3956D46DE8}") = "tests", "tests", "{74AC6B87-7AF5-4D45-A585-E8226FDD075F}"
EndProject
Project("{FAE04EC0-301F-11D3-BF4B-00C04F79EFBC}") = "EfCore.TestBed", "src\EfCore.TestBed\EfCore.TestBed.csproj", "{2D24A18C-BAAF-E450-6974-D56CCF9AC55F}"
EndProject
Project("{FAE04EC0-301F-11D3-BF4B-00C04F79EFBC}") = "EfCore.TestBed.TestsExample", "tests\EfCore.TestBed.TestsExample\EfCore.TestBed.TestsExample.csproj", "{86DF4FAB-4FB2-42EC-A416-C79774E41578}"
EndProject
Global
	GlobalSection(SolutionConfigurationPlatforms) = preSolution
		Debug|Any CPU = Debug|Any CPU
		Release|Any CPU = Release|Any CPU
	EndGlobalSection
	GlobalSection(ProjectConfigurationPlatforms) = postSolution
		{2D24A18C-BAAF-E450-6974-D56CCF9AC55F}.Debug|Any CPU.ActiveCfg = Debug|Any CPU
		{2D24A18C-BAAF-E450-6974-D56CCF9AC55F}.Debug|Any CPU.Build.0 = Debug|Any CPU
		{2D24A18C-BAAF-E450-6974-D56CCF9AC55F}.Release|Any CPU.ActiveCfg = Release|Any CPU
		{2D24A18C-BAAF-E450-6974-D56CCF9AC55F}.Release|Any CPU.Build.0 = Release|Any CPU
		{86DF4FAB-4FB2-42EC-A416-C79774E41578}.Debug|Any CPU.ActiveCfg = Debug|Any CPU
		{86DF4FAB-4FB2-42EC-A416-C79774E41578}.Debug|Any CPU.Build.0 = Debug|Any CPU
		{86DF4FAB-4FB2-42EC-A416-C79774E41578}.Release|Any CPU.ActiveCfg = Release|Any CPU
		{86DF4FAB-4FB2-42EC-A416-C79774E41578}.Release|Any CPU.Build.0 = Release|Any CPU
	EndGlobalSection
	GlobalSection(SolutionProperties) = preSolution
		HideSolutionNode = FALSE
	EndGlobalSection
	GlobalSection(NestedProjects) = preSolution
		{2D24A18C-BAAF-E450-6974-D56CCF9AC55F} = {02EA681E-C7D8-13C7-8484-4AC65E1B71E8}
		{86DF4FAB-4FB2-42EC-A416-C79774E41578} = {74AC6B87-7AF5-4D45-A585-E8226FDD075F}
	EndGlobalSection
	GlobalSection(ExtensibilityGlobals) = postSolution
		SolutionGuid = {750C39D5-BBDB-44BB-BFD1-B3EDBA655588}
	EndGlobalSection
EndGlobal
